
Microsoft Visual Studio Solution File, Format Version 12.00
# Visual Studio Version 16
VisualStudioVersion = 16.0.31205.134
MinimumVisualStudioVersion = 10.0.40219.1
Project("{FAE04EC0-301F-11D3-BF4B-00C04F79EFBC}") = "Love_Pets.WebAPI", "Love_Pets.WebAPI\Love_Pets.WebAPI.csproj", "{B431123E-536B-4397-B575-BB726323903F}"
EndProject
Global
	GlobalSection(SolutionConfigurationPlatforms) = preSolution
		Debug|Any CPU = Debug|Any CPU
		Release|Any CPU = Release|Any CPU
	EndGlobalSection
	GlobalSection(ProjectConfigurationPlatforms) = postSolution
		{B431123E-536B-4397-B575-BB726323903F}.Debug|Any CPU.ActiveCfg = Debug|Any CPU
		{B431123E-536B-4397-B575-BB726323903F}.Debug|Any CPU.Build.0 = Debug|Any CPU
		{B431123E-536B-4397-B575-BB726323903F}.Release|Any CPU.ActiveCfg = Release|Any CPU
		{B431123E-536B-4397-B575-BB726323903F}.Release|Any CPU.Build.0 = Release|Any CPU
	EndGlobalSection
	GlobalSection(SolutionProperties) = preSolution
		HideSolutionNode = FALSE
	EndGlobalSection
	GlobalSection(ExtensibilityGlobals) = postSolution
		SolutionGuid = {3DFE278F-AD1F-42A4-9831-14C228B8A423}
	EndGlobalSection
EndGlobal
